
Microsoft Visual Studio Solution File, Format Version 12.00
# Visual Studio 2012
Project("{FAE04EC0-301F-11D3-BF4B-00C04F79EFBC}") = "K2DomainSvc", "K2DomainSvc.csproj", "{26B1666F-A580-4083-BE66-628430794CA0}"
EndProject
Project("{FAE04EC0-301F-11D3-BF4B-00C04F79EFBC}") = "K2DomainSvcUnitTest", "..\K2DomainSvcUnitTest\K2DomainSvcUnitTest.csproj", "{EC005FD0-E8C5-445E-BD0D-17256775755C}"
EndProject
Global
	GlobalSection(SolutionConfigurationPlatforms) = preSolution
		Debug|Any CPU = Debug|Any CPU
		Debug|Mixed Platforms = Debug|Mixed Platforms
		Debug|x86 = Debug|x86
		Release|Any CPU = Release|Any CPU
		Release|Mixed Platforms = Release|Mixed Platforms
		Release|x86 = Release|x86
	EndGlobalSection
	GlobalSection(ProjectConfigurationPlatforms) = postSolution
		{26B1666F-A580-4083-BE66-628430794CA0}.Debug|Any CPU.ActiveCfg = Debug|Any CPU
		{26B1666F-A580-4083-BE66-628430794CA0}.Debug|Any CPU.Build.0 = Debug|Any CPU
		{26B1666F-A580-4083-BE66-628430794CA0}.Debug|Mixed Platforms.ActiveCfg = Debug|Any CPU
		{26B1666F-A580-4083-BE66-628430794CA0}.Debug|Mixed Platforms.Build.0 = Debug|Any CPU
		{26B1666F-A580-4083-BE66-628430794CA0}.Debug|x86.ActiveCfg = Debug|Any CPU
		{26B1666F-A580-4083-BE66-628430794CA0}.Release|Any CPU.ActiveCfg = Release|Any CPU
		{26B1666F-A580-4083-BE66-628430794CA0}.Release|Any CPU.Build.0 = Release|Any CPU
		{26B1666F-A580-4083-BE66-628430794CA0}.Release|Mixed Platforms.ActiveCfg = Release|Any CPU
		{26B1666F-A580-4083-BE66-628430794CA0}.Release|Mixed Platforms.Build.0 = Release|Any CPU
		{26B1666F-A580-4083-BE66-628430794CA0}.Release|x86.ActiveCfg = Release|Any CPU
		{EC005FD0-E8C5-445E-BD0D-17256775755C}.Debug|Any CPU.ActiveCfg = Debug|Any CPU
		{EC005FD0-E8C5-445E-BD0D-17256775755C}.Debug|Any CPU.Build.0 = Debug|Any CPU
		{EC005FD0-E8C5-445E-BD0D-17256775755C}.Debug|Mixed Platforms.ActiveCfg = Debug|Any CPU
		{EC005FD0-E8C5-445E-BD0D-17256775755C}.Debug|Mixed Platforms.Build.0 = Debug|Any CPU
		{EC005FD0-E8C5-445E-BD0D-17256775755C}.Debug|x86.ActiveCfg = Debug|Any CPU
		{EC005FD0-E8C5-445E-BD0D-17256775755C}.Release|Any CPU.ActiveCfg = Release|Any CPU
		{EC005FD0-E8C5-445E-BD0D-17256775755C}.Release|Any CPU.Build.0 = Release|Any CPU
		{EC005FD0-E8C5-445E-BD0D-17256775755C}.Release|Mixed Platforms.ActiveCfg = Release|Any CPU
		{EC005FD0-E8C5-445E-BD0D-17256775755C}.Release|Mixed Platforms.Build.0 = Release|Any CPU
		{EC005FD0-E8C5-445E-BD0D-17256775755C}.Release|x86.ActiveCfg = Release|Any CPU
	EndGlobalSection
	GlobalSection(SolutionProperties) = preSolution
		HideSolutionNode = FALSE
	EndGlobalSection
EndGlobal
