
Microsoft Visual Studio Solution File, Format Version 12.00
# Visual Studio 2012
Project("{FAE04EC0-301F-11D3-BF4B-00C04F79EFBC}") = "DriverBase", "DriverBase.csproj", "{3F65F678-B593-467D-82F0-7872AD40FD63}"
EndProject
Project("{FAE04EC0-301F-11D3-BF4B-00C04F79EFBC}") = "KTASimulator", "..\..\KTASimulator\KTASimulator.csproj", "{B6501954-2227-4525-9539-481217034887}"
EndProject
Project("{FAE04EC0-301F-11D3-BF4B-00C04F79EFBC}") = "K2Depth", "..\..\K2Depth\K2Depth.csproj", "{89402270-6D0E-4E11-A04B-587AC5E6E1A7}"
EndProject
Project("{FAE04EC0-301F-11D3-BF4B-00C04F79EFBC}") = "L1PriceSupport", "..\..\L1PriceSupport\L1PriceSupport.csproj", "{FE202E2C-AF66-4986-9FDD-ACD9B5CE3EA1}"
EndProject
Project("{FAE04EC0-301F-11D3-BF4B-00C04F79EFBC}") = "SimulatorTest", "..\..\KTASimulator\SimulatorTest\SimulatorTest.csproj", "{27F52B8B-4270-481C-999C-44DF17D1134F}"
EndProject
Project("{FAE04EC0-301F-11D3-BF4B-00C04F79EFBC}") = "DriverBaseTest", "..\DriverBaseTest\DriverBaseTest.csproj", "{5C6EEAF9-93FE-4C96-9705-0BBEE45374A7}"
EndProject
Project("{FAE04EC0-301F-11D3-BF4B-00C04F79EFBC}") = "K2Managers", "..\..\K2Managers\K2Managers.csproj", "{FC2FBEC4-45BA-43BB-842E-9838DA0FF527}"
EndProject
Project("{FAE04EC0-301F-11D3-BF4B-00C04F79EFBC}") = "K2ServiceInterface", "..\..\K2ServiceInterface\K2ServiceInterface.csproj", "{BC199337-73E0-4705-BF8C-51E0387D4575}"
EndProject
Project("{FAE04EC0-301F-11D3-BF4B-00C04F79EFBC}") = "ManagerTest", "..\..\K2Managers\ManagerTest\ManagerTest.csproj", "{15CD8A33-1C8D-4E5E-8DDD-5D01419B06F4}"
EndProject
Project("{FAE04EC0-301F-11D3-BF4B-00C04F79EFBC}") = "DriverTestApp", "..\..\DriverTestApp\DriverTestApp.csproj", "{E4ED92C3-99E6-4279-93D1-A5F8A7BF7CFD}"
EndProject
Project("{FAE04EC0-301F-11D3-BF4B-00C04F79EFBC}") = "OrderServices", "..\..\OrderServices\OrderServices.csproj", "{6B3FAE88-AECA-4218-BD02-586179ABE6FD}"
EndProject
Global
	GlobalSection(SolutionConfigurationPlatforms) = preSolution
		Debug|Any CPU = Debug|Any CPU
		Release|Any CPU = Release|Any CPU
	EndGlobalSection
	GlobalSection(ProjectConfigurationPlatforms) = postSolution
		{3F65F678-B593-467D-82F0-7872AD40FD63}.Debug|Any CPU.ActiveCfg = Debug|Any CPU
		{3F65F678-B593-467D-82F0-7872AD40FD63}.Debug|Any CPU.Build.0 = Debug|Any CPU
		{3F65F678-B593-467D-82F0-7872AD40FD63}.Release|Any CPU.ActiveCfg = Release|Any CPU
		{3F65F678-B593-467D-82F0-7872AD40FD63}.Release|Any CPU.Build.0 = Release|Any CPU
		{B6501954-2227-4525-9539-481217034887}.Debug|Any CPU.ActiveCfg = Debug|Any CPU
		{B6501954-2227-4525-9539-481217034887}.Debug|Any CPU.Build.0 = Debug|Any CPU
		{B6501954-2227-4525-9539-481217034887}.Release|Any CPU.ActiveCfg = Release|Any CPU
		{B6501954-2227-4525-9539-481217034887}.Release|Any CPU.Build.0 = Release|Any CPU
		{89402270-6D0E-4E11-A04B-587AC5E6E1A7}.Debug|Any CPU.ActiveCfg = Debug|Any CPU
		{89402270-6D0E-4E11-A04B-587AC5E6E1A7}.Debug|Any CPU.Build.0 = Debug|Any CPU
		{89402270-6D0E-4E11-A04B-587AC5E6E1A7}.Release|Any CPU.ActiveCfg = Release|Any CPU
		{89402270-6D0E-4E11-A04B-587AC5E6E1A7}.Release|Any CPU.Build.0 = Release|Any CPU
		{FE202E2C-AF66-4986-9FDD-ACD9B5CE3EA1}.Debug|Any CPU.ActiveCfg = Debug|Any CPU
		{FE202E2C-AF66-4986-9FDD-ACD9B5CE3EA1}.Debug|Any CPU.Build.0 = Debug|Any CPU
		{FE202E2C-AF66-4986-9FDD-ACD9B5CE3EA1}.Release|Any CPU.ActiveCfg = Release|Any CPU
		{FE202E2C-AF66-4986-9FDD-ACD9B5CE3EA1}.Release|Any CPU.Build.0 = Release|Any CPU
		{27F52B8B-4270-481C-999C-44DF17D1134F}.Debug|Any CPU.ActiveCfg = Debug|Any CPU
		{27F52B8B-4270-481C-999C-44DF17D1134F}.Debug|Any CPU.Build.0 = Debug|Any CPU
		{27F52B8B-4270-481C-999C-44DF17D1134F}.Release|Any CPU.ActiveCfg = Release|Any CPU
		{27F52B8B-4270-481C-999C-44DF17D1134F}.Release|Any CPU.Build.0 = Release|Any CPU
		{5C6EEAF9-93FE-4C96-9705-0BBEE45374A7}.Debug|Any CPU.ActiveCfg = Debug|Any CPU
		{5C6EEAF9-93FE-4C96-9705-0BBEE45374A7}.Debug|Any CPU.Build.0 = Debug|Any CPU
		{5C6EEAF9-93FE-4C96-9705-0BBEE45374A7}.Release|Any CPU.ActiveCfg = Release|Any CPU
		{5C6EEAF9-93FE-4C96-9705-0BBEE45374A7}.Release|Any CPU.Build.0 = Release|Any CPU
		{FC2FBEC4-45BA-43BB-842E-9838DA0FF527}.Debug|Any CPU.ActiveCfg = Debug|Any CPU
		{FC2FBEC4-45BA-43BB-842E-9838DA0FF527}.Debug|Any CPU.Build.0 = Debug|Any CPU
		{FC2FBEC4-45BA-43BB-842E-9838DA0FF527}.Release|Any CPU.ActiveCfg = Release|Any CPU
		{FC2FBEC4-45BA-43BB-842E-9838DA0FF527}.Release|Any CPU.Build.0 = Release|Any CPU
		{BC199337-73E0-4705-BF8C-51E0387D4575}.Debug|Any CPU.ActiveCfg = Debug|Any CPU
		{BC199337-73E0-4705-BF8C-51E0387D4575}.Debug|Any CPU.Build.0 = Debug|Any CPU
		{BC199337-73E0-4705-BF8C-51E0387D4575}.Release|Any CPU.ActiveCfg = Release|Any CPU
		{BC199337-73E0-4705-BF8C-51E0387D4575}.Release|Any CPU.Build.0 = Release|Any CPU
		{15CD8A33-1C8D-4E5E-8DDD-5D01419B06F4}.Debug|Any CPU.ActiveCfg = Debug|Any CPU
		{15CD8A33-1C8D-4E5E-8DDD-5D01419B06F4}.Debug|Any CPU.Build.0 = Debug|Any CPU
		{15CD8A33-1C8D-4E5E-8DDD-5D01419B06F4}.Release|Any CPU.ActiveCfg = Release|Any CPU
		{15CD8A33-1C8D-4E5E-8DDD-5D01419B06F4}.Release|Any CPU.Build.0 = Release|Any CPU
		{E4ED92C3-99E6-4279-93D1-A5F8A7BF7CFD}.Debug|Any CPU.ActiveCfg = Debug|Any CPU
		{E4ED92C3-99E6-4279-93D1-A5F8A7BF7CFD}.Debug|Any CPU.Build.0 = Debug|Any CPU
		{E4ED92C3-99E6-4279-93D1-A5F8A7BF7CFD}.Release|Any CPU.ActiveCfg = Release|Any CPU
		{E4ED92C3-99E6-4279-93D1-A5F8A7BF7CFD}.Release|Any CPU.Build.0 = Release|Any CPU
		{6B3FAE88-AECA-4218-BD02-586179ABE6FD}.Debug|Any CPU.ActiveCfg = Debug|Any CPU
		{6B3FAE88-AECA-4218-BD02-586179ABE6FD}.Debug|Any CPU.Build.0 = Debug|Any CPU
		{6B3FAE88-AECA-4218-BD02-586179ABE6FD}.Release|Any CPU.ActiveCfg = Release|Any CPU
		{6B3FAE88-AECA-4218-BD02-586179ABE6FD}.Release|Any CPU.Build.0 = Release|Any CPU
	EndGlobalSection
	GlobalSection(SolutionProperties) = preSolution
		HideSolutionNode = FALSE
	EndGlobalSection
EndGlobal
