
Microsoft Visual Studio Solution File, Format Version 12.00
# Visual Studio 2012
Project("{FAE04EC0-301F-11D3-BF4B-00C04F79EFBC}") = "DriverBase", "..\DriverBase\DriverBase\DriverBase.csproj", "{3F65F678-B593-467D-82F0-7872AD40FD63}"
EndProject
Global
	GlobalSection(SolutionConfigurationPlatforms) = preSolution
		Debug|Any CPU = Debug|Any CPU
		Release|Any CPU = Release|Any CPU
	EndGlobalSection
	GlobalSection(ProjectConfigurationPlatforms) = postSolution
		{3F65F678-B593-467D-82F0-7872AD40FD63}.Debug|Any CPU.ActiveCfg = Debug|Any CPU
		{3F65F678-B593-467D-82F0-7872AD40FD63}.Debug|Any CPU.Build.0 = Debug|Any CPU
		{3F65F678-B593-467D-82F0-7872AD40FD63}.Release|Any CPU.ActiveCfg = Release|Any CPU
		{3F65F678-B593-467D-82F0-7872AD40FD63}.Release|Any CPU.Build.0 = Release|Any CPU
	EndGlobalSection
	GlobalSection(SolutionProperties) = preSolution
		HideSolutionNode = FALSE
	EndGlobalSection
EndGlobal
